
Microsoft Visual Studio Solution File, Format Version 12.00
# Visual Studio Version 17
VisualStudioVersion = 17.13.35818.85 d17.13
MinimumVisualStudioVersion = 10.0.40219.1
Project("{FAE04EC0-301F-11D3-BF4B-00C04F79EFBC}") = "DolarAPI", "DolarAPI.csproj", "{97DD9B77-B2EA-40B3-A43A-B34A3413E4D8}"
EndProject
Global
	GlobalSection(SolutionConfigurationPlatforms) = preSolution
		Debug|Any CPU = Debug|Any CPU
		Release|Any CPU = Release|Any CPU
	EndGlobalSection
	GlobalSection(ProjectConfigurationPlatforms) = postSolution
		{97DD9B77-B2EA-40B3-A43A-B34A3413E4D8}.Debug|Any CPU.ActiveCfg = Debug|Any CPU
		{97DD9B77-B2EA-40B3-A43A-B34A3413E4D8}.Debug|Any CPU.Build.0 = Debug|Any CPU
		{97DD9B77-B2EA-40B3-A43A-B34A3413E4D8}.Release|Any CPU.ActiveCfg = Release|Any CPU
		{97DD9B77-B2EA-40B3-A43A-B34A3413E4D8}.Release|Any CPU.Build.0 = Release|Any CPU
	EndGlobalSection
	GlobalSection(SolutionProperties) = preSolution
		HideSolutionNode = FALSE
	EndGlobalSection
	GlobalSection(ExtensibilityGlobals) = postSolution
		SolutionGuid = {F3B2EBDD-B461-44E3-86AF-3348E5CAF364}
	EndGlobalSection
EndGlobal
